// !$*UTF8*$!
{
	archiveVersion = 1;
	classes = {
	};
	objectVersion = 50;
	objects = {

/* Begin PBXBuildFile section */
		21570C3C20D1B7F900D7EE0B /* AppDelegate.m in Sources */ = {isa = PBXBuildFile; fileRef = 21570C3B20D1B7F900D7EE0B /* AppDelegate.m */; };
		21570C3F20D1B7F900D7EE0B /* ViewController.m in Sources */ = {isa = PBXBuildFile; fileRef = 21570C3E20D1B7F900D7EE0B /* ViewController.m */; };
		21570C4220D1B7F900D7EE0B /* Main.storyboard in Resources */ = {isa = PBXBuildFile; fileRef = 21570C4020D1B7F900D7EE0B /* Main.storyboard */; };
		21570C4420D1B7FB00D7EE0B /* Assets.xcassets in Resources */ = {isa = PBXBuildFile; fileRef = 21570C4320D1B7FB00D7EE0B /* Assets.xcassets */; };
		21570C4720D1B7FB00D7EE0B /* LaunchScreen.storyboard in Resources */ = {isa = PBXBuildFile; fileRef = 21570C4520D1B7FB00D7EE0B /* LaunchScreen.storyboard */; };
		21570C4A20D1B7FB00D7EE0B /* main.m in Sources */ = {isa = PBXBuildFile; fileRef = 21570C4920D1B7FB00D7EE0B /* main.m */; };
		21BBF24F20D1CC68002595FD /* DoorViewController.m in Sources */ = {isa = PBXBuildFile; fileRef = 21BBF24E20D1CC68002595FD /* DoorViewController.m */; };
		21BBF25220D1CC76002595FD /* CoatRoomViewController.m in Sources */ = {isa = PBXBuildFile; fileRef = 21BBF25120D1CC76002595FD /* CoatRoomViewController.m */; };
		21BBF25520D1CC7D002595FD /* LibraryViewController.m in Sources */ = {isa = PBXBuildFile; fileRef = 21BBF25420D1CC7D002595FD /* LibraryViewController.m */; };
		21BBF25820D1CC86002595FD /* SecretPassageViewController.m in Sources */ = {isa = PBXBuildFile; fileRef = 21BBF25720D1CC86002595FD /* SecretPassageViewController.m */; };
		21BBF25B20D1CC8D002595FD /* DungeonViewController.m in Sources */ = {isa = PBXBuildFile; fileRef = 21BBF25A20D1CC8D002595FD /* DungeonViewController.m */; };
		21BBF25E20D1CC95002595FD /* LabratoryViewController.m in Sources */ = {isa = PBXBuildFile; fileRef = 21BBF25D20D1CC95002595FD /* LabratoryViewController.m */; };
		21BBF26120D1CC9B002595FD /* GeneratorViewController.m in Sources */ = {isa = PBXBuildFile; fileRef = 21BBF26020D1CC9B002595FD /* GeneratorViewController.m */; };
		21BBF26420D1CCA7002595FD /* MysteriousLakeViewController.m in Sources */ = {isa = PBXBuildFile; fileRef = 21BBF26320D1CCA7002595FD /* MysteriousLakeViewController.m */; };
		21BBF26720D1CCAE002595FD /* CursedChaliceViewController.m in Sources */ = {isa = PBXBuildFile; fileRef = 21BBF26620D1CCAE002595FD /* CursedChaliceViewController.m */; };
		21BBF26A20D1CCBC002595FD /* DiningRoomViewController.m in Sources */ = {isa = PBXBuildFile; fileRef = 21BBF26920D1CCBC002595FD /* DiningRoomViewController.m */; };
		21BBF26D20D1CCC1002595FD /* KitchenViewController.m in Sources */ = {isa = PBXBuildFile; fileRef = 21BBF26C20D1CCC1002595FD /* KitchenViewController.m */; };
		21BBF27020D1CCC8002595FD /* BackPorchViewController.m in Sources */ = {isa = PBXBuildFile; fileRef = 21BBF26F20D1CCC8002595FD /* BackPorchViewController.m */; };
		21BBF27320D1CCD0002595FD /* StairsUpViewController.m in Sources */ = {isa = PBXBuildFile; fileRef = 21BBF27220D1CCD0002595FD /* StairsUpViewController.m */; };
		21BBF27620D1CCD8002595FD /* BedroomViewController.m in Sources */ = {isa = PBXBuildFile; fileRef = 21BBF27520D1CCD8002595FD /* BedroomViewController.m */; };
		21BBF27920D1CCE0002595FD /* BathroomViewController.m in Sources */ = {isa = PBXBuildFile; fileRef = 21BBF27820D1CCE0002595FD /* BathroomViewController.m */; };
/* End PBXBuildFile section */

/* Begin PBXFileReference section */
		21570C3720D1B7F800D7EE0B /* Entering a House.app */ = {isa = PBXFileReference; explicitFileType = wrapper.application; includeInIndex = 0; path = "Entering a House.app"; sourceTree = BUILT_PRODUCTS_DIR; };
		21570C3A20D1B7F900D7EE0B /* AppDelegate.h */ = {isa = PBXFileReference; lastKnownFileType = sourcecode.c.h; path = AppDelegate.h; sourceTree = "<group>"; };
		21570C3B20D1B7F900D7EE0B /* AppDelegate.m */ = {isa = PBXFileReference; lastKnownFileType = sourcecode.c.objc; path = AppDelegate.m; sourceTree = "<group>"; };
		21570C3D20D1B7F900D7EE0B /* ViewController.h */ = {isa = PBXFileReference; lastKnownFileType = sourcecode.c.h; path = ViewController.h; sourceTree = "<group>"; };
		21570C3E20D1B7F900D7EE0B /* ViewController.m */ = {isa = PBXFileReference; lastKnownFileType = sourcecode.c.objc; path = ViewController.m; sourceTree = "<group>"; };
		21570C4120D1B7F900D7EE0B /* Base */ = {isa = PBXFileReference; lastKnownFileType = file.storyboard; name = Base; path = Base.lproj/Main.storyboard; sourceTree = "<group>"; };
		21570C4320D1B7FB00D7EE0B /* Assets.xcassets */ = {isa = PBXFileReference; lastKnownFileType = folder.assetcatalog; path = Assets.xcassets; sourceTree = "<group>"; };
		21570C4620D1B7FB00D7EE0B /* Base */ = {isa = PBXFileReference; lastKnownFileType = file.storyboard; name = Base; path = Base.lproj/LaunchScreen.storyboard; sourceTree = "<group>"; };
		21570C4820D1B7FB00D7EE0B /* Info.plist */ = {isa = PBXFileReference; lastKnownFileType = text.plist.xml; path = Info.plist; sourceTree = "<group>"; };
		21570C4920D1B7FB00D7EE0B /* main.m */ = {isa = PBXFileReference; lastKnownFileType = sourcecode.c.objc; path = main.m; sourceTree = "<group>"; };
		21BBF24D20D1CC68002595FD /* DoorViewController.h */ = {isa = PBXFileReference; lastKnownFileType = sourcecode.c.h; path = DoorViewController.h; sourceTree = "<group>"; };
		21BBF24E20D1CC68002595FD /* DoorViewController.m */ = {isa = PBXFileReference; lastKnownFileType = sourcecode.c.objc; path = DoorViewController.m; sourceTree = "<group>"; };
		21BBF25020D1CC76002595FD /* CoatRoomViewController.h */ = {isa = PBXFileReference; lastKnownFileType = sourcecode.c.h; path = CoatRoomViewController.h; sourceTree = "<group>"; };
		21BBF25120D1CC76002595FD /* CoatRoomViewController.m */ = {isa = PBXFileReference; lastKnownFileType = sourcecode.c.objc; path = CoatRoomViewController.m; sourceTree = "<group>"; };
		21BBF25320D1CC7D002595FD /* LibraryViewController.h */ = {isa = PBXFileReference; lastKnownFileType = sourcecode.c.h; path = LibraryViewController.h; sourceTree = "<group>"; };
		21BBF25420D1CC7D002595FD /* LibraryViewController.m */ = {isa = PBXFileReference; lastKnownFileType = sourcecode.c.objc; path = LibraryViewController.m; sourceTree = "<group>"; };
		21BBF25620D1CC86002595FD /* SecretPassageViewController.h */ = {isa = PBXFileReference; lastKnownFileType = sourcecode.c.h; path = SecretPassageViewController.h; sourceTree = "<group>"; };
		21BBF25720D1CC86002595FD /* SecretPassageViewController.m */ = {isa = PBXFileReference; lastKnownFileType = sourcecode.c.objc; path = SecretPassageViewController.m; sourceTree = "<group>"; };
		21BBF25920D1CC8D002595FD /* DungeonViewController.h */ = {isa = PBXFileReference; lastKnownFileType = sourcecode.c.h; path = DungeonViewController.h; sourceTree = "<group>"; };
		21BBF25A20D1CC8D002595FD /* DungeonViewController.m */ = {isa = PBXFileReference; lastKnownFileType = sourcecode.c.objc; path = DungeonViewController.m; sourceTree = "<group>"; };
		21BBF25C20D1CC95002595FD /* LabratoryViewController.h */ = {isa = PBXFileReference; lastKnownFileType = sourcecode.c.h; path = LabratoryViewController.h; sourceTree = "<group>"; };
		21BBF25D20D1CC95002595FD /* LabratoryViewController.m */ = {isa = PBXFileReference; lastKnownFileType = sourcecode.c.objc; path = LabratoryViewController.m; sourceTree = "<group>"; };
		21BBF25F20D1CC9B002595FD /* GeneratorViewController.h */ = {isa = PBXFileReference; lastKnownFileType = sourcecode.c.h; path = GeneratorViewController.h; sourceTree = "<group>"; };
		21BBF26020D1CC9B002595FD /* GeneratorViewController.m */ = {isa = PBXFileReference; lastKnownFileType = sourcecode.c.objc; path = GeneratorViewController.m; sourceTree = "<group>"; };
		21BBF26220D1CCA7002595FD /* MysteriousLakeViewController.h */ = {isa = PBXFileReference; lastKnownFileType = sourcecode.c.h; path = MysteriousLakeViewController.h; sourceTree = "<group>"; };
		21BBF26320D1CCA7002595FD /* MysteriousLakeViewController.m */ = {isa = PBXFileReference; lastKnownFileType = sourcecode.c.objc; path = MysteriousLakeViewController.m; sourceTree = "<group>"; };
		21BBF26520D1CCAE002595FD /* CursedChaliceViewController.h */ = {isa = PBXFileReference; lastKnownFileType = sourcecode.c.h; path = CursedChaliceViewController.h; sourceTree = "<group>"; };
		21BBF26620D1CCAE002595FD /* CursedChaliceViewController.m */ = {isa = PBXFileReference; lastKnownFileType = sourcecode.c.objc; path = CursedChaliceViewController.m; sourceTree = "<group>"; };
		21BBF26820D1CCBC002595FD /* DiningRoomViewController.h */ = {isa = PBXFileReference; lastKnownFileType = sourcecode.c.h; path = DiningRoomViewController.h; sourceTree = "<group>"; };
		21BBF26920D1CCBC002595FD /* DiningRoomViewController.m */ = {isa = PBXFileReference; lastKnownFileType = sourcecode.c.objc; path = DiningRoomViewController.m; sourceTree = "<group>"; };
		21BBF26B20D1CCC1002595FD /* KitchenViewController.h */ = {isa = PBXFileReference; lastKnownFileType = sourcecode.c.h; path = KitchenViewController.h; sourceTree = "<group>"; };
		21BBF26C20D1CCC1002595FD /* KitchenViewController.m */ = {isa = PBXFileReference; lastKnownFileType = sourcecode.c.objc; path = KitchenViewController.m; sourceTree = "<group>"; };
		21BBF26E20D1CCC8002595FD /* BackPorchViewController.h */ = {isa = PBXFileReference; lastKnownFileType = sourcecode.c.h; path = BackPorchViewController.h; sourceTree = "<group>"; };
		21BBF26F20D1CCC8002595FD /* BackPorchViewController.m */ = {isa = PBXFileReference; lastKnownFileType = sourcecode.c.objc; path = BackPorchViewController.m; sourceTree = "<group>"; };
		21BBF27120D1CCD0002595FD /* StairsUpViewController.h */ = {isa = PBXFileReference; lastKnownFileType = sourcecode.c.h; path = StairsUpViewController.h; sourceTree = "<group>"; };
		21BBF27220D1CCD0002595FD /* StairsUpViewController.m */ = {isa = PBXFileReference; lastKnownFileType = sourcecode.c.objc; path = StairsUpViewController.m; sourceTree = "<group>"; };
		21BBF27420D1CCD8002595FD /* BedroomViewController.h */ = {isa = PBXFileReference; lastKnownFileType = sourcecode.c.h; path = BedroomViewController.h; sourceTree = "<group>"; };
		21BBF27520D1CCD8002595FD /* BedroomViewController.m */ = {isa = PBXFileReference; lastKnownFileType = sourcecode.c.objc; path = BedroomViewController.m; sourceTree = "<group>"; };
		21BBF27720D1CCE0002595FD /* BathroomViewController.h */ = {isa = PBXFileReference; lastKnownFileType = sourcecode.c.h; path = BathroomViewController.h; sourceTree = "<group>"; };
		21BBF27820D1CCE0002595FD /* BathroomViewController.m */ = {isa = PBXFileReference; lastKnownFileType = sourcecode.c.objc; path = BathroomViewController.m; sourceTree = "<group>"; };
/* End PBXFileReference section */

/* Begin PBXFrameworksBuildPhase section */
		21570C3420D1B7F800D7EE0B /* Frameworks */ = {
			isa = PBXFrameworksBuildPhase;
			buildActionMask = 2147483647;
			files = (
			);
			runOnlyForDeploymentPostprocessing = 0;
		};
/* End PBXFrameworksBuildPhase section */

/* Begin PBXGroup section */
		21570C2E20D1B7F800D7EE0B = {
			isa = PBXGroup;
			children = (
				21570C3920D1B7F800D7EE0B /* Entering a House */,
				21570C3820D1B7F800D7EE0B /* Products */,
			);
			sourceTree = "<group>";
		};
		21570C3820D1B7F800D7EE0B /* Products */ = {
			isa = PBXGroup;
			children = (
				21570C3720D1B7F800D7EE0B /* Entering a House.app */,
			);
			name = Products;
			sourceTree = "<group>";
		};
		21570C3920D1B7F800D7EE0B /* Entering a House */ = {
			isa = PBXGroup;
			children = (
				21570C3A20D1B7F900D7EE0B /* AppDelegate.h */,
				21570C3B20D1B7F900D7EE0B /* AppDelegate.m */,
				21570C3D20D1B7F900D7EE0B /* ViewController.h */,
				21570C3E20D1B7F900D7EE0B /* ViewController.m */,
				21570C4020D1B7F900D7EE0B /* Main.storyboard */,
				21BBF24D20D1CC68002595FD /* DoorViewController.h */,
				21BBF24E20D1CC68002595FD /* DoorViewController.m */,
				21BBF25020D1CC76002595FD /* CoatRoomViewController.h */,
				21BBF25120D1CC76002595FD /* CoatRoomViewController.m */,
				21BBF25320D1CC7D002595FD /* LibraryViewController.h */,
				21BBF25420D1CC7D002595FD /* LibraryViewController.m */,
				21BBF25620D1CC86002595FD /* SecretPassageViewController.h */,
				21BBF25720D1CC86002595FD /* SecretPassageViewController.m */,
				21BBF25920D1CC8D002595FD /* DungeonViewController.h */,
				21BBF25A20D1CC8D002595FD /* DungeonViewController.m */,
				21BBF25C20D1CC95002595FD /* LabratoryViewController.h */,
				21BBF25D20D1CC95002595FD /* LabratoryViewController.m */,
				21BBF25F20D1CC9B002595FD /* GeneratorViewController.h */,
				21BBF26020D1CC9B002595FD /* GeneratorViewController.m */,
				21BBF26220D1CCA7002595FD /* MysteriousLakeViewController.h */,
				21BBF26320D1CCA7002595FD /* MysteriousLakeViewController.m */,
				21BBF26520D1CCAE002595FD /* CursedChaliceViewController.h */,
				21BBF26620D1CCAE002595FD /* CursedChaliceViewController.m */,
				21BBF26820D1CCBC002595FD /* DiningRoomViewController.h */,
				21BBF26920D1CCBC002595FD /* DiningRoomViewController.m */,
				21BBF26B20D1CCC1002595FD /* KitchenViewController.h */,
				21BBF26C20D1CCC1002595FD /* KitchenViewController.m */,
				21BBF26E20D1CCC8002595FD /* BackPorchViewController.h */,
				21BBF26F20D1CCC8002595FD /* BackPorchViewController.m */,
				21BBF27120D1CCD0002595FD /* StairsUpViewController.h */,
				21BBF27220D1CCD0002595FD /* StairsUpViewController.m */,
				21BBF27420D1CCD8002595FD /* BedroomViewController.h */,
				21BBF27520D1CCD8002595FD /* BedroomViewController.m */,
				21BBF27720D1CCE0002595FD /* BathroomViewController.h */,
				21BBF27820D1CCE0002595FD /* BathroomViewController.m */,
				21570C4320D1B7FB00D7EE0B /* Assets.xcassets */,
				21570C4520D1B7FB00D7EE0B /* LaunchScreen.storyboard */,
				21570C4820D1B7FB00D7EE0B /* Info.plist */,
				21570C4920D1B7FB00D7EE0B /* main.m */,
			);
			path = "Entering a House";
			sourceTree = "<group>";
		};
/* End PBXGroup section */

/* Begin PBXNativeTarget section */
		21570C3620D1B7F800D7EE0B /* Entering a House */ = {
			isa = PBXNativeTarget;
			buildConfigurationList = 21570C4D20D1B7FB00D7EE0B /* Build configuration list for PBXNativeTarget "Entering a House" */;
			buildPhases = (
				21570C3320D1B7F800D7EE0B /* Sources */,
				21570C3420D1B7F800D7EE0B /* Frameworks */,
				21570C3520D1B7F800D7EE0B /* Resources */,
			);
			buildRules = (
			);
			dependencies = (
			);
			name = "Entering a House";
			productName = "Entering a House";
			productReference = 21570C3720D1B7F800D7EE0B /* Entering a House.app */;
			productType = "com.apple.product-type.application";
		};
/* End PBXNativeTarget section */

/* Begin PBXProject section */
		21570C2F20D1B7F800D7EE0B /* Project object */ = {
			isa = PBXProject;
			attributes = {
				LastUpgradeCheck = 0930;
				ORGANIZATIONNAME = "Will Chew";
				TargetAttributes = {
					21570C3620D1B7F800D7EE0B = {
						CreatedOnToolsVersion = 9.3;
					};
				};
			};
			buildConfigurationList = 21570C3220D1B7F800D7EE0B /* Build configuration list for PBXProject "Entering a House" */;
			compatibilityVersion = "Xcode 9.3";
			developmentRegion = en;
			hasScannedForEncodings = 0;
			knownRegions = (
				en,
				Base,
			);
			mainGroup = 21570C2E20D1B7F800D7EE0B;
			productRefGroup = 21570C3820D1B7F800D7EE0B /* Products */;
			projectDirPath = "";
			projectRoot = "";
			targets = (
				21570C3620D1B7F800D7EE0B /* Entering a House */,
			);
		};
/* End PBXProject section */

/* Begin PBXResourcesBuildPhase section */
		21570C3520D1B7F800D7EE0B /* Resources */ = {
			isa = PBXResourcesBuildPhase;
			buildActionMask = 2147483647;
			files = (
				21570C4720D1B7FB00D7EE0B /* LaunchScreen.storyboard in Resources */,
				21570C4420D1B7FB00D7EE0B /* Assets.xcassets in Resources */,
				21570C4220D1B7F900D7EE0B /* Main.storyboard in Resources */,
			);
			runOnlyForDeploymentPostprocessing = 0;
		};
/* End PBXResourcesBuildPhase section */

/* Begin PBXSourcesBuildPhase section */
		21570C3320D1B7F800D7EE0B /* Sources */ = {
			isa = PBXSourcesBuildPhase;
			buildActionMask = 2147483647;
			files = (
				21BBF25520D1CC7D002595FD /* LibraryViewController.m in Sources */,
				21BBF27620D1CCD8002595FD /* BedroomViewController.m in Sources */,
				21BBF25B20D1CC8D002595FD /* DungeonViewController.m in Sources */,
				21BBF26420D1CCA7002595FD /* MysteriousLakeViewController.m in Sources */,
				21BBF27020D1CCC8002595FD /* BackPorchViewController.m in Sources */,
				21BBF25E20D1CC95002595FD /* LabratoryViewController.m in Sources */,
				21BBF27920D1CCE0002595FD /* BathroomViewController.m in Sources */,
				21570C3F20D1B7F900D7EE0B /* ViewController.m in Sources */,
				21570C4A20D1B7FB00D7EE0B /* main.m in Sources */,
				21BBF25820D1CC86002595FD /* SecretPassageViewController.m in Sources */,
				21BBF24F20D1CC68002595FD /* DoorViewController.m in Sources */,
				21BBF25220D1CC76002595FD /* CoatRoomViewController.m in Sources */,
				21BBF26120D1CC9B002595FD /* GeneratorViewController.m in Sources */,
				21BBF26720D1CCAE002595FD /* CursedChaliceViewController.m in Sources */,
				21BBF26A20D1CCBC002595FD /* DiningRoomViewController.m in Sources */,
				21BBF27320D1CCD0002595FD /* StairsUpViewController.m in Sources */,
				21570C3C20D1B7F900D7EE0B /* AppDelegate.m in Sources */,
				21BBF26D20D1CCC1002595FD /* KitchenViewController.m in Sources */,
			);
			runOnlyForDeploymentPostprocessing = 0;
		};
/* End PBXSourcesBuildPhase section */

/* Begin PBXVariantGroup section */
		21570C4020D1B7F900D7EE0B /* Main.storyboard */ = {
			isa = PBXVariantGroup;
			children = (
				21570C4120D1B7F900D7EE0B /* Base */,
			);
			name = Main.storyboard;
			sourceTree = "<group>";
		};
		21570C4520D1B7FB00D7EE0B /* LaunchScreen.storyboard */ = {
			isa = PBXVariantGroup;
			children = (
				21570C4620D1B7FB00D7EE0B /* Base */,
			);
			name = LaunchScreen.storyboard;
			sourceTree = "<group>";
		};
/* End PBXVariantGroup section */

/* Begin XCBuildConfiguration section */
		21570C4B20D1B7FB00D7EE0B /* Debug */ = {
			isa = XCBuildConfiguration;
			buildSettings = {
				ALWAYS_SEARCH_USER_PATHS = NO;
				CLANG_ANALYZER_NONNULL = YES;
				CLANG_ANALYZER_NUMBER_OBJECT_CONVERSION = YES_AGGRESSIVE;
				CLANG_CXX_LANGUAGE_STANDARD = "gnu++14";
				CLANG_CXX_LIBRARY = "libc++";
				CLANG_ENABLE_MODULES = YES;
				CLANG_ENABLE_OBJC_ARC = YES;
				CLANG_ENABLE_OBJC_WEAK = YES;
				CLANG_WARN_BLOCK_CAPTURE_AUTORELEASING = YES;
				CLANG_WARN_BOOL_CONVERSION = YES;
				CLANG_WARN_COMMA = YES;
				CLANG_WARN_CONSTANT_CONVERSION = YES;
				CLANG_WARN_DEPRECATED_OBJC_IMPLEMENTATIONS = YES;
				CLANG_WARN_DIRECT_OBJC_ISA_USAGE = YES_ERROR;
				CLANG_WARN_DOCUMENTATION_COMMENTS = YES;
				CLANG_WARN_EMPTY_BODY = YES;
				CLANG_WARN_ENUM_CONVERSION = YES;
				CLANG_WARN_INFINITE_RECURSION = YES;
				CLANG_WARN_INT_CONVERSION = YES;
				CLANG_WARN_NON_LITERAL_NULL_CONVERSION = YES;
				CLANG_WARN_OBJC_IMPLICIT_RETAIN_SELF = YES;
				CLANG_WARN_OBJC_LITERAL_CONVERSION = YES;
				CLANG_WARN_OBJC_ROOT_CLASS = YES_ERROR;
				CLANG_WARN_RANGE_LOOP_ANALYSIS = YES;
				CLANG_WARN_STRICT_PROTOTYPES = YES;
				CLANG_WARN_SUSPICIOUS_MOVE = YES;
				CLANG_WARN_UNGUARDED_AVAILABILITY = YES_AGGRESSIVE;
				CLANG_WARN_UNREACHABLE_CODE = YES;
				CLANG_WARN__DUPLICATE_METHOD_MATCH = YES;
				CODE_SIGN_IDENTITY = "iPhone Developer";
				COPY_PHASE_STRIP = NO;
				DEBUG_INFORMATION_FORMAT = dwarf;
				ENABLE_STRICT_OBJC_MSGSEND = YES;
				ENABLE_TESTABILITY = YES;
				GCC_C_LANGUAGE_STANDARD = gnu11;
				GCC_DYNAMIC_NO_PIC = NO;
				GCC_NO_COMMON_BLOCKS = YES;
				GCC_OPTIMIZATION_LEVEL = 0;
				GCC_PREPROCESSOR_DEFINITIONS = (
					"DEBUG=1",
					"$(inherited)",
				);
				GCC_WARN_64_TO_32_BIT_CONVERSION = YES;
				GCC_WARN_ABOUT_RETURN_TYPE = YES_ERROR;
				GCC_WARN_UNDECLARED_SELECTOR = YES;
				GCC_WARN_UNINITIALIZED_AUTOS = YES_AGGRESSIVE;
				GCC_WARN_UNUSED_FUNCTION = YES;
				GCC_WARN_UNUSED_VARIABLE = YES;
				IPHONEOS_DEPLOYMENT_TARGET = 11.3;
				MTL_ENABLE_DEBUG_INFO = YES;
				ONLY_ACTIVE_ARCH = YES;
				SDKROOT = iphoneos;
			};
			name = Debug;
		};
		21570C4C20D1B7FB00D7EE0B /* Release */ = {
			isa = XCBuildConfiguration;
			buildSettings = {
				ALWAYS_SEARCH_USER_PATHS = NO;
				CLANG_ANALYZER_NONNULL = YES;
				CLANG_ANALYZER_NUMBER_OBJECT_CONVERSION = YES_AGGRESSIVE;
				CLANG_CXX_LANGUAGE_STANDARD = "gnu++14";
				CLANG_CXX_LIBRARY = "libc++";
				CLANG_ENABLE_MODULES = YES;
				CLANG_ENABLE_OBJC_ARC = YES;
				CLANG_ENABLE_OBJC_WEAK = YES;
				CLANG_WARN_BLOCK_CAPTURE_AUTORELEASING = YES;
				CLANG_WARN_BOOL_CONVERSION = YES;
				CLANG_WARN_COMMA = YES;
				CLANG_WARN_CONSTANT_CONVERSION = YES;
				CLANG_WARN_DEPRECATED_OBJC_IMPLEMENTATIONS = YES;
				CLANG_WARN_DIRECT_OBJC_ISA_USAGE = YES_ERROR;
				CLANG_WARN_DOCUMENTATION_COMMENTS = YES;
				CLANG_WARN_EMPTY_BODY = YES;
				CLANG_WARN_ENUM_CONVERSION = YES;
				CLANG_WARN_INFINITE_RECURSION = YES;
				CLANG_WARN_INT_CONVERSION = YES;
				CLANG_WARN_NON_LITERAL_NULL_CONVERSION = YES;
				CLANG_WARN_OBJC_IMPLICIT_RETAIN_SELF = YES;
				CLANG_WARN_OBJC_LITERAL_CONVERSION = YES;
				CLANG_WARN_OBJC_ROOT_CLASS = YES_ERROR;
				CLANG_WARN_RANGE_LOOP_ANALYSIS = YES;
				CLANG_WARN_STRICT_PROTOTYPES = YES;
				CLANG_WARN_SUSPICIOUS_MOVE = YES;
				CLANG_WARN_UNGUARDED_AVAILABILITY = YES_AGGRESSIVE;
				CLANG_WARN_UNREACHABLE_CODE = YES;
				CLANG_WARN__DUPLICATE_METHOD_MATCH = YES;
				CODE_SIGN_IDENTITY = "iPhone Developer";
				COPY_PHASE_STRIP = NO;
				DEBUG_INFORMATION_FORMAT = "dwarf-with-dsym";
				ENABLE_NS_ASSERTIONS = NO;
				ENABLE_STRICT_OBJC_MSGSEND = YES;
				GCC_C_LANGUAGE_STANDARD = gnu11;
				GCC_NO_COMMON_BLOCKS = YES;
				GCC_WARN_64_TO_32_BIT_CONVERSION = YES;
				GCC_WARN_ABOUT_RETURN_TYPE = YES_ERROR;
				GCC_WARN_UNDECLARED_SELECTOR = YES;
				GCC_WARN_UNINITIALIZED_AUTOS = YES_AGGRESSIVE;
				GCC_WARN_UNUSED_FUNCTION = YES;
				GCC_WARN_UNUSED_VARIABLE = YES;
				IPHONEOS_DEPLOYMENT_TARGET = 11.3;
				MTL_ENABLE_DEBUG_INFO = NO;
				SDKROOT = iphoneos;
				VALIDATE_PRODUCT = YES;
			};
			name = Release;
		};
		21570C4E20D1B7FB00D7EE0B /* Debug */ = {
			isa = XCBuildConfiguration;
			buildSettings = {
				ASSETCATALOG_COMPILER_APPICON_NAME = AppIcon;
				CODE_SIGN_STYLE = Automatic;
				DEVELOPMENT_TEAM = 475GYSBZB3;
				INFOPLIST_FILE = "Entering a House/Info.plist";
				LD_RUNPATH_SEARCH_PATHS = (
					"$(inherited)",
					"@executable_path/Frameworks",
				);
				PRODUCT_BUNDLE_IDENTIFIER = "com.williamchew.Entering-a-House";
				PRODUCT_NAME = "$(TARGET_NAME)";
				TARGETED_DEVICE_FAMILY = "1,2";
			};
			name = Debug;
		};
		21570C4F20D1B7FB00D7EE0B /* Release */ = {
			isa = XCBuildConfiguration;
			buildSettings = {
				ASSETCATALOG_COMPILER_APPICON_NAME = AppIcon;
				CODE_SIGN_STYLE = Automatic;
				DEVELOPMENT_TEAM = 475GYSBZB3;
				INFOPLIST_FILE = "Entering a House/Info.plist";
				LD_RUNPATH_SEARCH_PATHS = (
					"$(inherited)",
					"@executable_path/Frameworks",
				);
				PRODUCT_BUNDLE_IDENTIFIER = "com.williamchew.Entering-a-House";
				PRODUCT_NAME = "$(TARGET_NAME)";
				TARGETED_DEVICE_FAMILY = "1,2";
			};
			name = Release;
		};
/* End XCBuildConfiguration section */

/* Begin XCConfigurationList section */
		21570C3220D1B7F800D7EE0B /* Build configuration list for PBXProject "Entering a House" */ = {
			isa = XCConfigurationList;
			buildConfigurations = (
				21570C4B20D1B7FB00D7EE0B /* Debug */,
				21570C4C20D1B7FB00D7EE0B /* Release */,
			);
			defaultConfigurationIsVisible = 0;
			defaultConfigurationName = Release;
		};
		21570C4D20D1B7FB00D7EE0B /* Build configuration list for PBXNativeTarget "Entering a House" */ = {
			isa = XCConfigurationList;
			buildConfigurations = (
				21570C4E20D1B7FB00D7EE0B /* Debug */,
				21570C4F20D1B7FB00D7EE0B /* Release */,
			);
			defaultConfigurationIsVisible = 0;
			defaultConfigurationName = Release;
		};
/* End XCConfigurationList section */
	};
	rootObject = 21570C2F20D1B7F800D7EE0B /* Project object */;
}
